{
    "version": 3,
    "terraform_version": "0.11.13",
    "serial": 2,
    "lineage": "9e683b8c-fc5e-5b10-2c81-6a352c8f79d4",
    "modules": [
        {
            "path": [
                "root"
            ],
            "outputs": {},
            "resources": {
                "azurerm_network_security_group.nsg": {
                    "type": "azurerm_network_security_group",
                    "depends_on": [
                        "azurerm_resource_group.nsgrg"
                    ],
                    "primary": {
                        "id": "/subscriptions/ec1db060-76cb-4db3-8256-76de956aaa77/resourceGroups/azsea-nsg-rg/providers/Microsoft.Network/networkSecurityGroups/azsea-nsg",
                        "attributes": {
                            "id": "/subscriptions/ec1db060-76cb-4db3-8256-76de956aaa77/resourceGroups/azsea-nsg-rg/providers/Microsoft.Network/networkSecurityGroups/azsea-nsg",
                            "location": "southeastasia",
                            "name": "azsea-nsg",
                            "resource_group_name": "azsea-nsg-rg",
                            "security_rule.#": "0",
                            "tags.%": "2",
                            "tags.env": "training",
                            "tags.source": "citadel"
                        },
                        "meta": {},
                        "tainted": false
                    },
                    "deposed": [],
                    "provider": "provider.azurerm"
                },
                "azurerm_public_ip.VPNPublicIP": {
                    "type": "azurerm_public_ip",
                    "depends_on": [
                        "azurerm_resource_group.vnetrg"
                    ],
                    "primary": {
                        "id": "/subscriptions/ec1db060-76cb-4db3-8256-76de956aaa77/resourceGroups/core-rg/providers/Microsoft.Network/publicIPAddresses/vpnGatewayPublicIp",
                        "attributes": {
                            "allocation_method": "Dynamic",
                            "id": "/subscriptions/ec1db060-76cb-4db3-8256-76de956aaa77/resourceGroups/core-rg/providers/Microsoft.Network/publicIPAddresses/vpnGatewayPublicIp",
                            "idle_timeout_in_minutes": "4",
                            "ip_address": "",
                            "ip_version": "IPv4",
                            "location": "southeastasia",
                            "name": "vpnGatewayPublicIp",
                            "public_ip_address_allocation": "Dynamic",
                            "resource_group_name": "core-rg",
                            "sku": "Basic",
                            "tags.%": "0",
                            "zones.#": "0"
                        },
                        "meta": {},
                        "tainted": false
                    },
                    "deposed": [],
                    "provider": "provider.azurerm"
                },
                "azurerm_resource_group.nsgrg": {
                    "type": "azurerm_resource_group",
                    "depends_on": [],
                    "primary": {
                        "id": "/subscriptions/ec1db060-76cb-4db3-8256-76de956aaa77/resourceGroups/azsea-nsg-rg",
                        "attributes": {
                            "id": "/subscriptions/ec1db060-76cb-4db3-8256-76de956aaa77/resourceGroups/azsea-nsg-rg",
                            "location": "southeastasia",
                            "name": "azsea-nsg-rg",
                            "tags.%": "2",
                            "tags.env": "training",
                            "tags.source": "citadel"
                        },
                        "meta": {},
                        "tainted": false
                    },
                    "deposed": [],
                    "provider": "provider.azurerm"
                },
                "azurerm_resource_group.vnetrg": {
                    "type": "azurerm_resource_group",
                    "depends_on": [],
                    "primary": {
                        "id": "/subscriptions/ec1db060-76cb-4db3-8256-76de956aaa77/resourceGroups/core-rg",
                        "attributes": {
                            "id": "/subscriptions/ec1db060-76cb-4db3-8256-76de956aaa77/resourceGroups/core-rg",
                            "location": "southeastasia",
                            "name": "core-rg",
                            "tags.%": "2",
                            "tags.env": "training",
                            "tags.source": "citadel"
                        },
                        "meta": {},
                        "tainted": false
                    },
                    "deposed": [],
                    "provider": "provider.azurerm"
                },
                "azurerm_virtual_network.core": {
                    "type": "azurerm_virtual_network",
                    "depends_on": [
                        "azurerm_resource_group.vnetrg"
                    ],
                    "primary": {
                        "id": "/subscriptions/ec1db060-76cb-4db3-8256-76de956aaa77/resourceGroups/core-rg/providers/Microsoft.Network/virtualNetworks/azsea-core-vnet",
                        "attributes": {
                            "address_space.#": "1",
                            "address_space.0": "10.1.0.0/16",
                            "ddos_protection_plan.#": "0",
                            "dns_servers.#": "0",
                            "id": "/subscriptions/ec1db060-76cb-4db3-8256-76de956aaa77/resourceGroups/core-rg/providers/Microsoft.Network/virtualNetworks/azsea-core-vnet",
                            "location": "southeastasia",
                            "name": "azsea-core-vnet",
                            "resource_group_name": "core-rg",
                            "subnet.#": "3",
                            "subnet.2671751461.address_prefix": "10.1.0.0/24",
                            "subnet.2671751461.id": "/subscriptions/ec1db060-76cb-4db3-8256-76de956aaa77/resourceGroups/core-rg/providers/Microsoft.Network/virtualNetworks/azsea-core-vnet/subnets/GatewaySubnet",
                            "subnet.2671751461.name": "GatewaySubnet",
                            "subnet.2671751461.security_group": "",
                            "subnet.295352784.address_prefix": "10.1.1.0/24",
                            "subnet.295352784.id": "/subscriptions/ec1db060-76cb-4db3-8256-76de956aaa77/resourceGroups/core-rg/providers/Microsoft.Network/virtualNetworks/azsea-core-vnet/subnets/training",
                            "subnet.295352784.name": "training",
                            "subnet.295352784.security_group": "",
                            "subnet.3105686560.address_prefix": "10.1.2.0/24",
                            "subnet.3105686560.id": "/subscriptions/ec1db060-76cb-4db3-8256-76de956aaa77/resourceGroups/core-rg/providers/Microsoft.Network/virtualNetworks/azsea-core-vnet/subnets/dev",
                            "subnet.3105686560.name": "dev",
                            "subnet.3105686560.security_group": "",
                            "tags.%": "0"
                        },
                        "meta": {},
                        "tainted": false
                    },
                    "deposed": [],
                    "provider": "provider.azurerm"
                }
            },
            "depends_on": []
        }
    ]
}
